
Microsoft Visual Studio Solution File, Format Version 12.00
# Visual Studio Version 16
VisualStudioVersion = 16.0.29728.190
MinimumVisualStudioVersion = 10.0.40219.1
Project("{FAE04EC0-301F-11D3-BF4B-00C04F79EFBC}") = "FindRenterServer", "FindRenterServer\FindRenterServer.csproj", "{B254AA24-4A3F-4A27-835C-DF3427D847FD}"
EndProject
Global
	GlobalSection(SolutionConfigurationPlatforms) = preSolution
		Debug|Any CPU = Debug|Any CPU
		Release|Any CPU = Release|Any CPU
	EndGlobalSection
	GlobalSection(ProjectConfigurationPlatforms) = postSolution
		{B254AA24-4A3F-4A27-835C-DF3427D847FD}.Debug|Any CPU.ActiveCfg = Debug|Any CPU
		{B254AA24-4A3F-4A27-835C-DF3427D847FD}.Debug|Any CPU.Build.0 = Debug|Any CPU
		{B254AA24-4A3F-4A27-835C-DF3427D847FD}.Release|Any CPU.ActiveCfg = Release|Any CPU
		{B254AA24-4A3F-4A27-835C-DF3427D847FD}.Release|Any CPU.Build.0 = Release|Any CPU
	EndGlobalSection
	GlobalSection(SolutionProperties) = preSolution
		HideSolutionNode = FALSE
	EndGlobalSection
	GlobalSection(ExtensibilityGlobals) = postSolution
		SolutionGuid = {3B6D5051-F443-401E-AF30-FF37C634E181}
	EndGlobalSection
EndGlobal
